
Microsoft Visual Studio Solution File, Format Version 12.00
# Visual Studio Version 17
VisualStudioVersion = 17.0.31903.59
MinimumVisualStudioVersion = 10.0.40219.1
Project("{2150E333-8FDC-42A3-9474-1A3956D46DE8}") = "plugin", "plugin", "{7F42074E-682A-A599-6CDB-8399CB51B8EF}"
EndProject
Project("{FAE04EC0-301F-11D3-BF4B-00C04F79EFBC}") = "EComm.Umbraco.Commerce", "plugin\EComm.Umbraco.Commerce\EComm.Umbraco.Commerce.csproj", "{06B48CEE-EED8-4C98-8B9E-A88236593788}"
EndProject
Project("{2150E333-8FDC-42A3-9474-1A3956D46DE8}") = "sample-site", "sample-site", "{914B9465-96DA-ACBA-D92E-E1317A4BF4B2}"
EndProject
Project("{FAE04EC0-301F-11D3-BF4B-00C04F79EFBC}") = "EComm.Commerce.Demo", "sample-site\EComm.Commerce.Demo\EComm.Commerce.Demo.csproj", "{33431188-BFD7-4F31-B6DA-A8BFD88B2EFE}"
EndProject
Global
	GlobalSection(SolutionConfigurationPlatforms) = preSolution
		Debug|Any CPU = Debug|Any CPU
		Debug|x64 = Debug|x64
		Debug|x86 = Debug|x86
		Release|Any CPU = Release|Any CPU
		Release|x64 = Release|x64
		Release|x86 = Release|x86
	EndGlobalSection
	GlobalSection(ProjectConfigurationPlatforms) = postSolution
		{06B48CEE-EED8-4C98-8B9E-A88236593788}.Debug|Any CPU.ActiveCfg = Debug|Any CPU
		{06B48CEE-EED8-4C98-8B9E-A88236593788}.Debug|Any CPU.Build.0 = Debug|Any CPU
		{06B48CEE-EED8-4C98-8B9E-A88236593788}.Debug|x64.ActiveCfg = Debug|Any CPU
		{06B48CEE-EED8-4C98-8B9E-A88236593788}.Debug|x64.Build.0 = Debug|Any CPU
		{06B48CEE-EED8-4C98-8B9E-A88236593788}.Debug|x86.ActiveCfg = Debug|Any CPU
		{06B48CEE-EED8-4C98-8B9E-A88236593788}.Debug|x86.Build.0 = Debug|Any CPU
		{06B48CEE-EED8-4C98-8B9E-A88236593788}.Release|Any CPU.ActiveCfg = Release|Any CPU
		{06B48CEE-EED8-4C98-8B9E-A88236593788}.Release|Any CPU.Build.0 = Release|Any CPU
		{06B48CEE-EED8-4C98-8B9E-A88236593788}.Release|x64.ActiveCfg = Release|Any CPU
		{06B48CEE-EED8-4C98-8B9E-A88236593788}.Release|x64.Build.0 = Release|Any CPU
		{06B48CEE-EED8-4C98-8B9E-A88236593788}.Release|x86.ActiveCfg = Release|Any CPU
		{06B48CEE-EED8-4C98-8B9E-A88236593788}.Release|x86.Build.0 = Release|Any CPU
		{33431188-BFD7-4F31-B6DA-A8BFD88B2EFE}.Debug|Any CPU.ActiveCfg = Debug|Any CPU
		{33431188-BFD7-4F31-B6DA-A8BFD88B2EFE}.Debug|Any CPU.Build.0 = Debug|Any CPU
		{33431188-BFD7-4F31-B6DA-A8BFD88B2EFE}.Debug|x64.ActiveCfg = Debug|Any CPU
		{33431188-BFD7-4F31-B6DA-A8BFD88B2EFE}.Debug|x64.Build.0 = Debug|Any CPU
		{33431188-BFD7-4F31-B6DA-A8BFD88B2EFE}.Debug|x86.ActiveCfg = Debug|Any CPU
		{33431188-BFD7-4F31-B6DA-A8BFD88B2EFE}.Debug|x86.Build.0 = Debug|Any CPU
		{33431188-BFD7-4F31-B6DA-A8BFD88B2EFE}.Release|Any CPU.ActiveCfg = Release|Any CPU
		{33431188-BFD7-4F31-B6DA-A8BFD88B2EFE}.Release|Any CPU.Build.0 = Release|Any CPU
		{33431188-BFD7-4F31-B6DA-A8BFD88B2EFE}.Release|x64.ActiveCfg = Release|Any CPU
		{33431188-BFD7-4F31-B6DA-A8BFD88B2EFE}.Release|x64.Build.0 = Release|Any CPU
		{33431188-BFD7-4F31-B6DA-A8BFD88B2EFE}.Release|x86.ActiveCfg = Release|Any CPU
		{33431188-BFD7-4F31-B6DA-A8BFD88B2EFE}.Release|x86.Build.0 = Release|Any CPU
	EndGlobalSection
	GlobalSection(SolutionProperties) = preSolution
		HideSolutionNode = FALSE
	EndGlobalSection
	GlobalSection(NestedProjects) = preSolution
		{06B48CEE-EED8-4C98-8B9E-A88236593788} = {7F42074E-682A-A599-6CDB-8399CB51B8EF}
		{33431188-BFD7-4F31-B6DA-A8BFD88B2EFE} = {914B9465-96DA-ACBA-D92E-E1317A4BF4B2}
	EndGlobalSection
EndGlobal
